
Microsoft Visual Studio Solution File, Format Version 12.00
# Visual Studio 15
VisualStudioVersion = 15.0.26403.7
MinimumVisualStudioVersion = 10.0.40219.1
Project("{2150E333-8FDC-42A3-9474-1A3956D46DE8}") = "Solution Items", "Solution Items", "{DFFF0056-E9AF-47E8-805F-DE9135162772}"
	ProjectSection(SolutionItems) = preProject
		global.json = global.json
		NuGet.Config = NuGet.Config
	EndProjectSection
EndProject
Project("{9A19103F-16F7-4668-BE54-9A1E7A4F7556}") = "MakingSense.DopplerFeatureToggle", "MakingSense.DopplerFeatureToggle\MakingSense.DopplerFeatureToggle.csproj", "{99FD3325-3617-4204-B81F-6DDAE5A1C29C}"
EndProject
Project("{9A19103F-16F7-4668-BE54-9A1E7A4F7556}") = "MakingSense.DopplerFeatureToggle.Tests", "MakingSense.DopplerFeatureToggle.Tests\MakingSense.DopplerFeatureToggle.Tests.csproj", "{1CD4A51C-638A-4FC8-A20A-144C36D064BB}"
EndProject
Project("{FAE04EC0-301F-11D3-BF4B-00C04F79EFBC}") = "MakingSense.DopplerFeatureToggle.TestConsole", "MakingSense.DopplerFeatureToggle.TestConsole\MakingSense.DopplerFeatureToggle.TestConsole.csproj", "{DD83B078-8844-4BB1-A122-E5693FAE0228}"
EndProject
Global
	GlobalSection(SolutionConfigurationPlatforms) = preSolution
		Debug|Any CPU = Debug|Any CPU
		Debug|x64 = Debug|x64
		Debug|x86 = Debug|x86
		Release|Any CPU = Release|Any CPU
		Release|x64 = Release|x64
		Release|x86 = Release|x86
	EndGlobalSection
	GlobalSection(ProjectConfigurationPlatforms) = postSolution
		{99FD3325-3617-4204-B81F-6DDAE5A1C29C}.Debug|Any CPU.ActiveCfg = Debug|Any CPU
		{99FD3325-3617-4204-B81F-6DDAE5A1C29C}.Debug|Any CPU.Build.0 = Debug|Any CPU
		{99FD3325-3617-4204-B81F-6DDAE5A1C29C}.Debug|x64.ActiveCfg = Debug|Any CPU
		{99FD3325-3617-4204-B81F-6DDAE5A1C29C}.Debug|x64.Build.0 = Debug|Any CPU
		{99FD3325-3617-4204-B81F-6DDAE5A1C29C}.Debug|x86.ActiveCfg = Debug|Any CPU
		{99FD3325-3617-4204-B81F-6DDAE5A1C29C}.Debug|x86.Build.0 = Debug|Any CPU
		{99FD3325-3617-4204-B81F-6DDAE5A1C29C}.Release|Any CPU.ActiveCfg = Release|Any CPU
		{99FD3325-3617-4204-B81F-6DDAE5A1C29C}.Release|Any CPU.Build.0 = Release|Any CPU
		{99FD3325-3617-4204-B81F-6DDAE5A1C29C}.Release|x64.ActiveCfg = Release|Any CPU
		{99FD3325-3617-4204-B81F-6DDAE5A1C29C}.Release|x64.Build.0 = Release|Any CPU
		{99FD3325-3617-4204-B81F-6DDAE5A1C29C}.Release|x86.ActiveCfg = Release|Any CPU
		{99FD3325-3617-4204-B81F-6DDAE5A1C29C}.Release|x86.Build.0 = Release|Any CPU
		{1CD4A51C-638A-4FC8-A20A-144C36D064BB}.Debug|Any CPU.ActiveCfg = Debug|Any CPU
		{1CD4A51C-638A-4FC8-A20A-144C36D064BB}.Debug|Any CPU.Build.0 = Debug|Any CPU
		{1CD4A51C-638A-4FC8-A20A-144C36D064BB}.Debug|x64.ActiveCfg = Debug|Any CPU
		{1CD4A51C-638A-4FC8-A20A-144C36D064BB}.Debug|x64.Build.0 = Debug|Any CPU
		{1CD4A51C-638A-4FC8-A20A-144C36D064BB}.Debug|x86.ActiveCfg = Debug|Any CPU
		{1CD4A51C-638A-4FC8-A20A-144C36D064BB}.Debug|x86.Build.0 = Debug|Any CPU
		{1CD4A51C-638A-4FC8-A20A-144C36D064BB}.Release|Any CPU.ActiveCfg = Release|Any CPU
		{1CD4A51C-638A-4FC8-A20A-144C36D064BB}.Release|Any CPU.Build.0 = Release|Any CPU
		{1CD4A51C-638A-4FC8-A20A-144C36D064BB}.Release|x64.ActiveCfg = Release|Any CPU
		{1CD4A51C-638A-4FC8-A20A-144C36D064BB}.Release|x64.Build.0 = Release|Any CPU
		{1CD4A51C-638A-4FC8-A20A-144C36D064BB}.Release|x86.ActiveCfg = Release|Any CPU
		{1CD4A51C-638A-4FC8-A20A-144C36D064BB}.Release|x86.Build.0 = Release|Any CPU
		{DD83B078-8844-4BB1-A122-E5693FAE0228}.Debug|Any CPU.ActiveCfg = Debug|Any CPU
		{DD83B078-8844-4BB1-A122-E5693FAE0228}.Debug|Any CPU.Build.0 = Debug|Any CPU
		{DD83B078-8844-4BB1-A122-E5693FAE0228}.Debug|x64.ActiveCfg = Debug|Any CPU
		{DD83B078-8844-4BB1-A122-E5693FAE0228}.Debug|x64.Build.0 = Debug|Any CPU
		{DD83B078-8844-4BB1-A122-E5693FAE0228}.Debug|x86.ActiveCfg = Debug|Any CPU
		{DD83B078-8844-4BB1-A122-E5693FAE0228}.Debug|x86.Build.0 = Debug|Any CPU
		{DD83B078-8844-4BB1-A122-E5693FAE0228}.Release|Any CPU.ActiveCfg = Release|Any CPU
		{DD83B078-8844-4BB1-A122-E5693FAE0228}.Release|Any CPU.Build.0 = Release|Any CPU
		{DD83B078-8844-4BB1-A122-E5693FAE0228}.Release|x64.ActiveCfg = Release|Any CPU
		{DD83B078-8844-4BB1-A122-E5693FAE0228}.Release|x64.Build.0 = Release|Any CPU
		{DD83B078-8844-4BB1-A122-E5693FAE0228}.Release|x86.ActiveCfg = Release|Any CPU
		{DD83B078-8844-4BB1-A122-E5693FAE0228}.Release|x86.Build.0 = Release|Any CPU
	EndGlobalSection
	GlobalSection(SolutionProperties) = preSolution
		HideSolutionNode = FALSE
	EndGlobalSection
EndGlobal
